<?xml version="1.0" encoding="UTF-8"?>
<CodeBlocks_project_file>
	<FileVersion major="1" minor="6"/>
	<Project>
		<Option title="hermes"/>
		<Option makefile_is_custom="1"/>
		<Option compiler="gcc"/>
		<Option virtualFolders="CMake Files\;"/>
		<Build>
			<Target title="all">
				<Option working_dir="/home/dauie/code/hermes"/>
				<Option type="4"/>
				<MakeCommands>
					<Build command="/usr/bin/make -j8 -f &quot;/home/dauie/code/hermes/Makefile&quot;  VERBOSE=1 all"/>
					<CompileFile command="/usr/bin/make -j8 -f &quot;/home/dauie/code/hermes/Makefile&quot;  VERBOSE=1 &quot;$file&quot;"/>
					<Clean command="/usr/bin/make -j8 -f &quot;/home/dauie/code/hermes/Makefile&quot;  VERBOSE=1 clean"/>
					<DistClean command="/usr/bin/make -j8 -f &quot;/home/dauie/code/hermes/Makefile&quot;  VERBOSE=1 clean"/>
				</MakeCommands>
			</Target>
			<Target title="rebuild_cache">
				<Option working_dir="/home/dauie/code/hermes"/>
				<Option type="4"/>
				<MakeCommands>
					<Build command="/usr/bin/make -j8 -f &quot;/home/dauie/code/hermes/Makefile&quot;  VERBOSE=1 rebuild_cache"/>
					<CompileFile command="/usr/bin/make -j8 -f &quot;/home/dauie/code/hermes/Makefile&quot;  VERBOSE=1 &quot;$file&quot;"/>
					<Clean command="/usr/bin/make -j8 -f &quot;/home/dauie/code/hermes/Makefile&quot;  VERBOSE=1 clean"/>
					<DistClean command="/usr/bin/make -j8 -f &quot;/home/dauie/code/hermes/Makefile&quot;  VERBOSE=1 clean"/>
				</MakeCommands>
			</Target>
			<Target title="edit_cache">
				<Option working_dir="/home/dauie/code/hermes"/>
				<Option type="4"/>
				<MakeCommands>
					<Build command="/usr/bin/make -j8 -f &quot;/home/dauie/code/hermes/Makefile&quot;  VERBOSE=1 edit_cache"/>
					<CompileFile command="/usr/bin/make -j8 -f &quot;/home/dauie/code/hermes/Makefile&quot;  VERBOSE=1 &quot;$file&quot;"/>
					<Clean command="/usr/bin/make -j8 -f &quot;/home/dauie/code/hermes/Makefile&quot;  VERBOSE=1 clean"/>
					<DistClean command="/usr/bin/make -j8 -f &quot;/home/dauie/code/hermes/Makefile&quot;  VERBOSE=1 clean"/>
				</MakeCommands>
			</Target>
			<Target title="hermes">
				<Option output="/home/dauie/code/hermes/hermes" prefix_auto="0" extension_auto="0"/>
				<Option working_dir="/home/dauie/code/hermes"/>
				<Option object_output="./"/>
				<Option type="1"/>
				<Option compiler="gcc"/>
				<Compiler>
					<Add directory="/home/dauie/code/hermes/binn/conversions/json"/>
					<Add directory="/home/dauie/code/hermes/binn/src"/>
					<Add directory="/home/dauie/code/hermes/incl"/>
					<Add directory="/home/dauie/code/hermes/libhermes/incl"/>
					<Add directory="/usr/lib/gcc/x86_64-linux-gnu/7/include"/>
					<Add directory="/usr/local/include"/>
					<Add directory="/usr/lib/gcc/x86_64-linux-gnu/7/include-fixed"/>
					<Add directory="/usr/include/x86_64-linux-gnu"/>
					<Add directory="/usr/include"/>
				</Compiler>
				<MakeCommands>
					<Build command="/usr/bin/make -j8 -f &quot;/home/dauie/code/hermes/Makefile&quot;  VERBOSE=1 hermes"/>
					<CompileFile command="/usr/bin/make -j8 -f &quot;/home/dauie/code/hermes/Makefile&quot;  VERBOSE=1 &quot;$file&quot;"/>
					<Clean command="/usr/bin/make -j8 -f &quot;/home/dauie/code/hermes/Makefile&quot;  VERBOSE=1 clean"/>
					<DistClean command="/usr/bin/make -j8 -f &quot;/home/dauie/code/hermes/Makefile&quot;  VERBOSE=1 clean"/>
				</MakeCommands>
			</Target>
			<Target title="hermes/fast">
				<Option output="/home/dauie/code/hermes/hermes" prefix_auto="0" extension_auto="0"/>
				<Option working_dir="/home/dauie/code/hermes"/>
				<Option object_output="./"/>
				<Option type="1"/>
				<Option compiler="gcc"/>
				<Compiler>
					<Add directory="/home/dauie/code/hermes/binn/conversions/json"/>
					<Add directory="/home/dauie/code/hermes/binn/src"/>
					<Add directory="/home/dauie/code/hermes/incl"/>
					<Add directory="/home/dauie/code/hermes/libhermes/incl"/>
					<Add directory="/usr/lib/gcc/x86_64-linux-gnu/7/include"/>
					<Add directory="/usr/local/include"/>
					<Add directory="/usr/lib/gcc/x86_64-linux-gnu/7/include-fixed"/>
					<Add directory="/usr/include/x86_64-linux-gnu"/>
					<Add directory="/usr/include"/>
				</Compiler>
				<MakeCommands>
					<Build command="/usr/bin/make -j8 -f &quot;/home/dauie/code/hermes/Makefile&quot;  VERBOSE=1 hermes/fast"/>
					<CompileFile command="/usr/bin/make -j8 -f &quot;/home/dauie/code/hermes/Makefile&quot;  VERBOSE=1 &quot;$file&quot;"/>
					<Clean command="/usr/bin/make -j8 -f &quot;/home/dauie/code/hermes/Makefile&quot;  VERBOSE=1 clean"/>
					<DistClean command="/usr/bin/make -j8 -f &quot;/home/dauie/code/hermes/Makefile&quot;  VERBOSE=1 clean"/>
				</MakeCommands>
			</Target>
		</Build>
		<Unit filename="/home/dauie/code/hermes/binn/conversions/json/binn_json.c">
			<Option target="hermes"/>
		</Unit>
		<Unit filename="/home/dauie/code/hermes/binn/conversions/json/binn_json.h">
			<Option target="hermes"/>
		</Unit>
		<Unit filename="/home/dauie/code/hermes/binn/examples/reading.c">
			<Option target="hermes"/>
		</Unit>
		<Unit filename="/home/dauie/code/hermes/binn/examples/writing.c">
			<Option target="hermes"/>
		</Unit>
		<Unit filename="/home/dauie/code/hermes/binn/src/binn.c">
			<Option target="hermes"/>
		</Unit>
		<Unit filename="/home/dauie/code/hermes/binn/src/binn.h">
			<Option target="hermes"/>
		</Unit>
		<Unit filename="/home/dauie/code/hermes/binn/src/win32/dllmain.c">
			<Option target="hermes"/>
		</Unit>
		<Unit filename="/home/dauie/code/hermes/binn/test/test_binn.c">
			<Option target="hermes"/>
		</Unit>
		<Unit filename="/home/dauie/code/hermes/binn/test/test_binn2.c">
			<Option target="hermes"/>
		</Unit>
		<Unit filename="/home/dauie/code/hermes/binn/test/test_binn_json.c">
			<Option target="hermes"/>
		</Unit>
		<Unit filename="/home/dauie/code/hermes/incl/defined.h">
			<Option target="hermes"/>
		</Unit>
		<Unit filename="/home/dauie/code/hermes/incl/hermes.h">
			<Option target="hermes"/>
		</Unit>
		<Unit filename="/home/dauie/code/hermes/incl/job.h">
			<Option target="hermes"/>
		</Unit>
		<Unit filename="/home/dauie/code/hermes/incl/message.h">
			<Option target="hermes"/>
		</Unit>
		<Unit filename="/home/dauie/code/hermes/incl/parser.h">
			<Option target="hermes"/>
		</Unit>
		<Unit filename="/home/dauie/code/hermes/libhermes/incl/bool.h">
			<Option target="hermes"/>
		</Unit>
		<Unit filename="/home/dauie/code/hermes/libhermes/incl/error_codes.h">
			<Option target="hermes"/>
		</Unit>
		<Unit filename="/home/dauie/code/hermes/libhermes/incl/libhermes.h">
			<Option target="hermes"/>
		</Unit>
		<Unit filename="/home/dauie/code/hermes/libhermes/src/bst.c">
			<Option target="hermes"/>
		</Unit>
		<Unit filename="/home/dauie/code/hermes/libhermes/src/conversions.c">
			<Option target="hermes"/>
		</Unit>
		<Unit filename="/home/dauie/code/hermes/libhermes/src/hermes_error.c">
			<Option target="hermes"/>
		</Unit>
		<Unit filename="/home/dauie/code/hermes/libhermes/src/list.c">
			<Option target="hermes"/>
		</Unit>
		<Unit filename="/home/dauie/code/hermes/libhermes/src/memory.c">
			<Option target="hermes"/>
		</Unit>
		<Unit filename="/home/dauie/code/hermes/libhermes/src/node.c">
			<Option target="hermes"/>
		</Unit>
		<Unit filename="/home/dauie/code/hermes/libhermes/src/str_tbl.c">
			<Option target="hermes"/>
		</Unit>
		<Unit filename="/home/dauie/code/hermes/libhermes/src/swap.c">
			<Option target="hermes"/>
		</Unit>
		<Unit filename="/home/dauie/code/hermes/src/binnify.c">
			<Option target="hermes"/>
		</Unit>
		<Unit filename="/home/dauie/code/hermes/src/exclude.c">
			<Option target="hermes"/>
		</Unit>
		<Unit filename="/home/dauie/code/hermes/src/ip4.c">
			<Option target="hermes"/>
		</Unit>
		<Unit filename="/home/dauie/code/hermes/src/job.c">
			<Option target="hermes"/>
		</Unit>
		<Unit filename="/home/dauie/code/hermes/src/main.c">
			<Option target="hermes"/>
		</Unit>
		<Unit filename="/home/dauie/code/hermes/src/manager.c">
			<Option target="hermes"/>
		</Unit>
		<Unit filename="/home/dauie/code/hermes/src/message.c">
			<Option target="hermes"/>
		</Unit>
		<Unit filename="/home/dauie/code/hermes/src/parsing/h_custom_payload.c">
			<Option target="hermes"/>
		</Unit>
		<Unit filename="/home/dauie/code/hermes/src/parsing/h_files.c">
			<Option target="hermes"/>
		</Unit>
		<Unit filename="/home/dauie/code/hermes/src/parsing/h_host_discovery.c">
			<Option target="hermes"/>
		</Unit>
		<Unit filename="/home/dauie/code/hermes/src/parsing/h_output_ops.c">
			<Option target="hermes"/>
		</Unit>
		<Unit filename="/home/dauie/code/hermes/src/parsing/h_performace_opts.c">
			<Option target="hermes"/>
		</Unit>
		<Unit filename="/home/dauie/code/hermes/src/parsing/h_portlists.c">
			<Option target="hermes"/>
		</Unit>
		<Unit filename="/home/dauie/code/hermes/src/parsing/h_scan.c">
			<Option target="hermes"/>
		</Unit>
		<Unit filename="/home/dauie/code/hermes/src/parsing/h_timeouts.c">
			<Option target="hermes"/>
		</Unit>
		<Unit filename="/home/dauie/code/hermes/src/parsing/h_worker.c">
			<Option target="hermes"/>
		</Unit>
		<Unit filename="/home/dauie/code/hermes/src/parsing/parse_file.c">
			<Option target="hermes"/>
		</Unit>
		<Unit filename="/home/dauie/code/hermes/src/parsing/parse_ip.c">
			<Option target="hermes"/>
		</Unit>
		<Unit filename="/home/dauie/code/hermes/src/parsing/parse_ports.c">
			<Option target="hermes"/>
		</Unit>
		<Unit filename="/home/dauie/code/hermes/src/parsing/parse_time.c">
			<Option target="hermes"/>
		</Unit>
		<Unit filename="/home/dauie/code/hermes/src/parsing/parser.c">
			<Option target="hermes"/>
		</Unit>
		<Unit filename="/home/dauie/code/hermes/src/partition.c">
			<Option target="hermes"/>
		</Unit>
		<Unit filename="/home/dauie/code/hermes/src/port.c">
			<Option target="hermes"/>
		</Unit>
		<Unit filename="/home/dauie/code/hermes/src/sanity_check.c">
			<Option target="hermes"/>
		</Unit>
		<Unit filename="/home/dauie/code/hermes/src/send_work.c">
			<Option target="hermes"/>
		</Unit>
		<Unit filename="/home/dauie/code/hermes/src/worker.c">
			<Option target="hermes"/>
		</Unit>
		<Unit filename="/home/dauie/code/hermes/src/worker_daemon.c">
			<Option target="hermes"/>
		</Unit>
		<Unit filename="/home/dauie/code/hermes/CMakeLists.txt">
			<Option virtualFolder="CMake Files\"/>
		</Unit>
	</Project>
</CodeBlocks_project_file>
